
Microsoft Visual Studio Solution File, Format Version 12.00
# Visual Studio 15
VisualStudioVersion = 15.0.28307.168
MinimumVisualStudioVersion = 10.0.40219.1
Project("{FAE04EC0-301F-11D3-BF4B-00C04F79EFBC}") = "Tutorial_5_TOTP", "Tutorial_5_TOTP\Tutorial_5_TOTP.csproj", "{0E0C6427-6CA1-4E75-8E26-7A64667F7A6D}"
EndProject
Global
	GlobalSection(SolutionConfigurationPlatforms) = preSolution
		Debug|Any CPU = Debug|Any CPU
		Release|Any CPU = Release|Any CPU
	EndGlobalSection
	GlobalSection(ProjectConfigurationPlatforms) = postSolution
		{0E0C6427-6CA1-4E75-8E26-7A64667F7A6D}.Debug|Any CPU.ActiveCfg = Debug|Any CPU
		{0E0C6427-6CA1-4E75-8E26-7A64667F7A6D}.Debug|Any CPU.Build.0 = Debug|Any CPU
		{0E0C6427-6CA1-4E75-8E26-7A64667F7A6D}.Release|Any CPU.ActiveCfg = Release|Any CPU
		{0E0C6427-6CA1-4E75-8E26-7A64667F7A6D}.Release|Any CPU.Build.0 = Release|Any CPU
	EndGlobalSection
	GlobalSection(SolutionProperties) = preSolution
		HideSolutionNode = FALSE
	EndGlobalSection
	GlobalSection(ExtensibilityGlobals) = postSolution
		SolutionGuid = {05A415A6-3E58-4FB3-9EC7-F7809A89908C}
	EndGlobalSection
EndGlobal
