
Microsoft Visual Studio Solution File, Format Version 12.00
# Visual Studio 15
VisualStudioVersion = 15.0.28307.168
MinimumVisualStudioVersion = 10.0.40219.1
Project("{FAE04EC0-301F-11D3-BF4B-00C04F79EFBC}") = "Tutorial_14_logging_audit_trails", "Tutorial_14_logging_audit_trails\Tutorial_14_logging_audit_trails.csproj", "{A61AD974-8719-4A6D-B90B-6C727DB0BF79}"
EndProject
Global
	GlobalSection(SolutionConfigurationPlatforms) = preSolution
		Debug|Any CPU = Debug|Any CPU
		Release|Any CPU = Release|Any CPU
	EndGlobalSection
	GlobalSection(ProjectConfigurationPlatforms) = postSolution
		{A61AD974-8719-4A6D-B90B-6C727DB0BF79}.Debug|Any CPU.ActiveCfg = Debug|Any CPU
		{A61AD974-8719-4A6D-B90B-6C727DB0BF79}.Debug|Any CPU.Build.0 = Debug|Any CPU
		{A61AD974-8719-4A6D-B90B-6C727DB0BF79}.Release|Any CPU.ActiveCfg = Release|Any CPU
		{A61AD974-8719-4A6D-B90B-6C727DB0BF79}.Release|Any CPU.Build.0 = Release|Any CPU
	EndGlobalSection
	GlobalSection(SolutionProperties) = preSolution
		HideSolutionNode = FALSE
	EndGlobalSection
	GlobalSection(ExtensibilityGlobals) = postSolution
		SolutionGuid = {1F4AFFED-3131-4871-BBF2-4E69D3FAACFB}
	EndGlobalSection
EndGlobal
